
Microsoft Visual Studio Solution File, Format Version 12.00
Project("{FAE04EC0-301F-11D3-BF4B-00C04F79EFBC}") = "DesktopApp", "DesktopApp\DesktopApp.csproj", "{06BBC3C2-05A1-4A9F-BB12-4EB4BEF49B08}"
EndProject
Project("{FAE04EC0-301F-11D3-BF4B-00C04F79EFBC}") = "Models", "Models\Models.csproj", "{1CF1636F-C162-4921-9E34-6B2762C19EEA}"
EndProject
Project("{FAE04EC0-301F-11D3-BF4B-00C04F79EFBC}") = "Tests", "Tests\Tests.csproj", "{193AAB39-C83C-4342-BA3C-6D87F4D3A2F8}"
EndProject
Project("{FAE04EC0-301F-11D3-BF4B-00C04F79EFBC}") = "API", "API\API.csproj", "{85A4CA35-C94A-4C75-B7E9-01E7EFEEA090}"
EndProject
Global
	GlobalSection(SolutionConfigurationPlatforms) = preSolution
		Debug|Any CPU = Debug|Any CPU
		Release|Any CPU = Release|Any CPU
	EndGlobalSection
	GlobalSection(ProjectConfigurationPlatforms) = postSolution
		{06BBC3C2-05A1-4A9F-BB12-4EB4BEF49B08}.Debug|Any CPU.ActiveCfg = Debug|Any CPU
		{06BBC3C2-05A1-4A9F-BB12-4EB4BEF49B08}.Debug|Any CPU.Build.0 = Debug|Any CPU
		{06BBC3C2-05A1-4A9F-BB12-4EB4BEF49B08}.Release|Any CPU.ActiveCfg = Release|Any CPU
		{06BBC3C2-05A1-4A9F-BB12-4EB4BEF49B08}.Release|Any CPU.Build.0 = Release|Any CPU
		{1CF1636F-C162-4921-9E34-6B2762C19EEA}.Debug|Any CPU.ActiveCfg = Debug|Any CPU
		{1CF1636F-C162-4921-9E34-6B2762C19EEA}.Debug|Any CPU.Build.0 = Debug|Any CPU
		{1CF1636F-C162-4921-9E34-6B2762C19EEA}.Release|Any CPU.ActiveCfg = Release|Any CPU
		{1CF1636F-C162-4921-9E34-6B2762C19EEA}.Release|Any CPU.Build.0 = Release|Any CPU
		{193AAB39-C83C-4342-BA3C-6D87F4D3A2F8}.Debug|Any CPU.ActiveCfg = Debug|Any CPU
		{193AAB39-C83C-4342-BA3C-6D87F4D3A2F8}.Debug|Any CPU.Build.0 = Debug|Any CPU
		{193AAB39-C83C-4342-BA3C-6D87F4D3A2F8}.Release|Any CPU.ActiveCfg = Release|Any CPU
		{193AAB39-C83C-4342-BA3C-6D87F4D3A2F8}.Release|Any CPU.Build.0 = Release|Any CPU
		{85A4CA35-C94A-4C75-B7E9-01E7EFEEA090}.Debug|Any CPU.ActiveCfg = Debug|Any CPU
		{85A4CA35-C94A-4C75-B7E9-01E7EFEEA090}.Debug|Any CPU.Build.0 = Debug|Any CPU
		{85A4CA35-C94A-4C75-B7E9-01E7EFEEA090}.Release|Any CPU.ActiveCfg = Release|Any CPU
		{85A4CA35-C94A-4C75-B7E9-01E7EFEEA090}.Release|Any CPU.Build.0 = Release|Any CPU
	EndGlobalSection
EndGlobal
